Microsoft Visual Studio Solution File, Format Version 12.00
# Visual Studio Version 17
VisualStudioVersion = 17.5.2.0
MinimumVisualStudioVersion = 10.0.40219.1
Project("{FAE04EC0-301F-11D3-BF4B-00C04F79EFBC}") = "gpu", "gpu.csproj", "{388404B0-4DB1-8A80-01F1-8A29AA79D607}"
EndProject
Global
	GlobalSection(SolutionConfigurationPlatforms) = preSolution
		Debug|Any CPU = Debug|Any CPU
		Release|Any CPU = Release|Any CPU
	EndGlobalSection
	GlobalSection(ProjectConfigurationPlatforms) = postSolution
		{388404B0-4DB1-8A80-01F1-8A29AA79D607}.Debug|Any CPU.ActiveCfg = Debug|Any CPU
		{388404B0-4DB1-8A80-01F1-8A29AA79D607}.Debug|Any CPU.Build.0 = Debug|Any CPU
		{388404B0-4DB1-8A80-01F1-8A29AA79D607}.Release|Any CPU.ActiveCfg = Release|Any CPU
		{388404B0-4DB1-8A80-01F1-8A29AA79D607}.Release|Any CPU.Build.0 = Release|Any CPU
	EndGlobalSection
	GlobalSection(SolutionProperties) = preSolution
		HideSolutionNode = FALSE
	EndGlobalSection
	GlobalSection(ExtensibilityGlobals) = postSolution
		SolutionGuid = {208E6CC6-00CB-4CA1-97DC-BED7B10FC711}
	EndGlobalSection
EndGlobal
